
Microsoft Visual Studio Solution File, Format Version 12.00
# Visual Studio Version 16
VisualStudioVersion = 16.0.30907.101
MinimumVisualStudioVersion = 15.0.26124.0
Project("{2150E333-8FDC-42A3-9474-1A3956D46DE8}") = "src", "src", "{A1333B97-BBF4-4130-A86A-46B158B8016E}"
EndProject
Project("{9A19103F-16F7-4668-BE54-9A1E7A4F7556}") = "DurableFunctions.Test", "src\DurableFunctions.Test\DurableFunctions.Test.csproj", "{28C674E7-EF11-4E0A-A3CC-E8110470EAE6}"
EndProject
Project("{2150E333-8FDC-42A3-9474-1A3956D46DE8}") = "test", "test", "{D27A625E-251A-4413-B22C-3E17AD956F13}"
EndProject
Project("{9A19103F-16F7-4668-BE54-9A1E7A4F7556}") = "DurableFunctions.Test.EndToEndTests", "test\DurableFunctions.Test.EndToEndTests\DurableFunctions.Test.EndToEndTests.csproj", "{918B8D4C-A2A4-409E-A9C7-C8ABB00E78C4}"
EndProject
Project("{9A19103F-16F7-4668-BE54-9A1E7A4F7556}") = "SampleFunctionApp", "test\SampleFunctionApp\SampleFunctionApp.csproj", "{25489B9E-A7E1-4EF8-9200-4BF4DD70F339}"
EndProject
Global
	GlobalSection(SolutionConfigurationPlatforms) = preSolution
		Debug|Any CPU = Debug|Any CPU
		Debug|x64 = Debug|x64
		Debug|x86 = Debug|x86
		Release|Any CPU = Release|Any CPU
		Release|x64 = Release|x64
		Release|x86 = Release|x86
	EndGlobalSection
	GlobalSection(ProjectConfigurationPlatforms) = postSolution
		{28C674E7-EF11-4E0A-A3CC-E8110470EAE6}.Debug|Any CPU.ActiveCfg = Debug|Any CPU
		{28C674E7-EF11-4E0A-A3CC-E8110470EAE6}.Debug|Any CPU.Build.0 = Debug|Any CPU
		{28C674E7-EF11-4E0A-A3CC-E8110470EAE6}.Debug|x64.ActiveCfg = Debug|Any CPU
		{28C674E7-EF11-4E0A-A3CC-E8110470EAE6}.Debug|x64.Build.0 = Debug|Any CPU
		{28C674E7-EF11-4E0A-A3CC-E8110470EAE6}.Debug|x86.ActiveCfg = Debug|Any CPU
		{28C674E7-EF11-4E0A-A3CC-E8110470EAE6}.Debug|x86.Build.0 = Debug|Any CPU
		{28C674E7-EF11-4E0A-A3CC-E8110470EAE6}.Release|Any CPU.ActiveCfg = Release|Any CPU
		{28C674E7-EF11-4E0A-A3CC-E8110470EAE6}.Release|Any CPU.Build.0 = Release|Any CPU
		{28C674E7-EF11-4E0A-A3CC-E8110470EAE6}.Release|x64.ActiveCfg = Release|Any CPU
		{28C674E7-EF11-4E0A-A3CC-E8110470EAE6}.Release|x64.Build.0 = Release|Any CPU
		{28C674E7-EF11-4E0A-A3CC-E8110470EAE6}.Release|x86.ActiveCfg = Release|Any CPU
		{28C674E7-EF11-4E0A-A3CC-E8110470EAE6}.Release|x86.Build.0 = Release|Any CPU
		{918B8D4C-A2A4-409E-A9C7-C8ABB00E78C4}.Debug|Any CPU.ActiveCfg = Debug|Any CPU
		{918B8D4C-A2A4-409E-A9C7-C8ABB00E78C4}.Debug|Any CPU.Build.0 = Debug|Any CPU
		{918B8D4C-A2A4-409E-A9C7-C8ABB00E78C4}.Debug|x64.ActiveCfg = Debug|Any CPU
		{918B8D4C-A2A4-409E-A9C7-C8ABB00E78C4}.Debug|x64.Build.0 = Debug|Any CPU
		{918B8D4C-A2A4-409E-A9C7-C8ABB00E78C4}.Debug|x86.ActiveCfg = Debug|Any CPU
		{918B8D4C-A2A4-409E-A9C7-C8ABB00E78C4}.Debug|x86.Build.0 = Debug|Any CPU
		{918B8D4C-A2A4-409E-A9C7-C8ABB00E78C4}.Release|Any CPU.ActiveCfg = Release|Any CPU
		{918B8D4C-A2A4-409E-A9C7-C8ABB00E78C4}.Release|Any CPU.Build.0 = Release|Any CPU
		{918B8D4C-A2A4-409E-A9C7-C8ABB00E78C4}.Release|x64.ActiveCfg = Release|Any CPU
		{918B8D4C-A2A4-409E-A9C7-C8ABB00E78C4}.Release|x64.Build.0 = Release|Any CPU
		{918B8D4C-A2A4-409E-A9C7-C8ABB00E78C4}.Release|x86.ActiveCfg = Release|Any CPU
		{918B8D4C-A2A4-409E-A9C7-C8ABB00E78C4}.Release|x86.Build.0 = Release|Any CPU
		{25489B9E-A7E1-4EF8-9200-4BF4DD70F339}.Debug|Any CPU.ActiveCfg = Debug|Any CPU
		{25489B9E-A7E1-4EF8-9200-4BF4DD70F339}.Debug|Any CPU.Build.0 = Debug|Any CPU
		{25489B9E-A7E1-4EF8-9200-4BF4DD70F339}.Debug|x64.ActiveCfg = Debug|Any CPU
		{25489B9E-A7E1-4EF8-9200-4BF4DD70F339}.Debug|x64.Build.0 = Debug|Any CPU
		{25489B9E-A7E1-4EF8-9200-4BF4DD70F339}.Debug|x86.ActiveCfg = Debug|Any CPU
		{25489B9E-A7E1-4EF8-9200-4BF4DD70F339}.Debug|x86.Build.0 = Debug|Any CPU
		{25489B9E-A7E1-4EF8-9200-4BF4DD70F339}.Release|Any CPU.ActiveCfg = Release|Any CPU
		{25489B9E-A7E1-4EF8-9200-4BF4DD70F339}.Release|Any CPU.Build.0 = Release|Any CPU
		{25489B9E-A7E1-4EF8-9200-4BF4DD70F339}.Release|x64.ActiveCfg = Release|Any CPU
		{25489B9E-A7E1-4EF8-9200-4BF4DD70F339}.Release|x64.Build.0 = Release|Any CPU
		{25489B9E-A7E1-4EF8-9200-4BF4DD70F339}.Release|x86.ActiveCfg = Release|Any CPU
		{25489B9E-A7E1-4EF8-9200-4BF4DD70F339}.Release|x86.Build.0 = Release|Any CPU
	EndGlobalSection
	GlobalSection(SolutionProperties) = preSolution
		HideSolutionNode = FALSE
	EndGlobalSection
	GlobalSection(NestedProjects) = preSolution
		{28C674E7-EF11-4E0A-A3CC-E8110470EAE6} = {A1333B97-BBF4-4130-A86A-46B158B8016E}
		{918B8D4C-A2A4-409E-A9C7-C8ABB00E78C4} = {D27A625E-251A-4413-B22C-3E17AD956F13}
		{25489B9E-A7E1-4EF8-9200-4BF4DD70F339} = {D27A625E-251A-4413-B22C-3E17AD956F13}
	EndGlobalSection
	GlobalSection(ExtensibilityGlobals) = postSolution
		SolutionGuid = {16E5CDA9-4517-4BF4-ACE0-3A71C62DD189}
	EndGlobalSection
EndGlobal
